
Microsoft Visual Studio Solution File, Format Version 12.00
# Visual Studio Version 17
VisualStudioVersion = 17.2.32602.215
MinimumVisualStudioVersion = 10.0.40219.1
Project("{9A19103F-16F7-4668-BE54-9A1E7A4F7556}") = "DoDo.Open.Info", "DoDo.Open.Info\DoDo.Open.Info.csproj", "{E3D28EA3-AE3D-4D57-8DE7-D92BFE6B5D1B}"
EndProject
Project("{9A19103F-16F7-4668-BE54-9A1E7A4F7556}") = "DoDo.Open.NftRole", "DoDo.Open.NftRole\DoDo.Open.NftRole.csproj", "{AA088D99-1B2E-4188-B132-0F326E5CAA52}"
EndProject
Project("{9A19103F-16F7-4668-BE54-9A1E7A4F7556}") = "DoDo.Open.Test", "DoDo.Open.Test\DoDo.Open.Test.csproj", "{8CABE1F0-5C26-4019-8CA8-17B32C0F48C8}"
EndProject
Project("{9A19103F-16F7-4668-BE54-9A1E7A4F7556}") = "DoDo.Open.Sign", "DoDo.Open.Sign\DoDo.Open.Sign.csproj", "{BC54E692-9FBA-446C-8282-54DD22A27C5E}"
EndProject
Project("{9A19103F-16F7-4668-BE54-9A1E7A4F7556}") = "DoDo.Open.Search", "DoDo.Open.Search\DoDo.Open.Search.csproj", "{0417AA5C-7A63-40A1-9D07-DA21E3D2B5F1}"
EndProject
Project("{FAE04EC0-301F-11D3-BF4B-00C04F79EFBC}") = "DoDo.Open.RoleReceive", "DoDo.Open.RoleReceive\DoDo.Open.RoleReceive.csproj", "{54D19C7B-0475-494C-9307-628456E544AA}"
EndProject
Project("{FAE04EC0-301F-11D3-BF4B-00C04F79EFBC}") = "DoDo.Open.KeyWordReply", "DoDo.Open.KeyWordReply\DoDo.Open.KeyWordReply.csproj", "{634ECDFF-C43B-4B74-A92E-29EE47A164F2}"
EndProject
Project("{FAE04EC0-301F-11D3-BF4B-00C04F79EFBC}") = "DoDo.Open.ProhibitWordManage", "DoDo.Open.ProhibitWordManage\DoDo.Open.ProhibitWordManage.csproj", "{DFFC026E-7A81-4BF3-B0DD-9E266AF25426}"
EndProject
Global
	GlobalSection(SolutionConfigurationPlatforms) = preSolution
		Debug|Any CPU = Debug|Any CPU
		Release|Any CPU = Release|Any CPU
	EndGlobalSection
	GlobalSection(ProjectConfigurationPlatforms) = postSolution
		{E3D28EA3-AE3D-4D57-8DE7-D92BFE6B5D1B}.Debug|Any CPU.ActiveCfg = Debug|Any CPU
		{E3D28EA3-AE3D-4D57-8DE7-D92BFE6B5D1B}.Debug|Any CPU.Build.0 = Debug|Any CPU
		{E3D28EA3-AE3D-4D57-8DE7-D92BFE6B5D1B}.Release|Any CPU.ActiveCfg = Release|Any CPU
		{E3D28EA3-AE3D-4D57-8DE7-D92BFE6B5D1B}.Release|Any CPU.Build.0 = Release|Any CPU
		{AA088D99-1B2E-4188-B132-0F326E5CAA52}.Debug|Any CPU.ActiveCfg = Debug|Any CPU
		{AA088D99-1B2E-4188-B132-0F326E5CAA52}.Debug|Any CPU.Build.0 = Debug|Any CPU
		{AA088D99-1B2E-4188-B132-0F326E5CAA52}.Release|Any CPU.ActiveCfg = Release|Any CPU
		{AA088D99-1B2E-4188-B132-0F326E5CAA52}.Release|Any CPU.Build.0 = Release|Any CPU
		{8CABE1F0-5C26-4019-8CA8-17B32C0F48C8}.Debug|Any CPU.ActiveCfg = Debug|Any CPU
		{8CABE1F0-5C26-4019-8CA8-17B32C0F48C8}.Debug|Any CPU.Build.0 = Debug|Any CPU
		{8CABE1F0-5C26-4019-8CA8-17B32C0F48C8}.Release|Any CPU.ActiveCfg = Release|Any CPU
		{8CABE1F0-5C26-4019-8CA8-17B32C0F48C8}.Release|Any CPU.Build.0 = Release|Any CPU
		{BC54E692-9FBA-446C-8282-54DD22A27C5E}.Debug|Any CPU.ActiveCfg = Debug|Any CPU
		{BC54E692-9FBA-446C-8282-54DD22A27C5E}.Debug|Any CPU.Build.0 = Debug|Any CPU
		{BC54E692-9FBA-446C-8282-54DD22A27C5E}.Release|Any CPU.ActiveCfg = Release|Any CPU
		{BC54E692-9FBA-446C-8282-54DD22A27C5E}.Release|Any CPU.Build.0 = Release|Any CPU
		{0417AA5C-7A63-40A1-9D07-DA21E3D2B5F1}.Debug|Any CPU.ActiveCfg = Debug|Any CPU
		{0417AA5C-7A63-40A1-9D07-DA21E3D2B5F1}.Debug|Any CPU.Build.0 = Debug|Any CPU
		{0417AA5C-7A63-40A1-9D07-DA21E3D2B5F1}.Release|Any CPU.ActiveCfg = Release|Any CPU
		{0417AA5C-7A63-40A1-9D07-DA21E3D2B5F1}.Release|Any CPU.Build.0 = Release|Any CPU
		{54D19C7B-0475-494C-9307-628456E544AA}.Debug|Any CPU.ActiveCfg = Debug|Any CPU
		{54D19C7B-0475-494C-9307-628456E544AA}.Debug|Any CPU.Build.0 = Debug|Any CPU
		{54D19C7B-0475-494C-9307-628456E544AA}.Release|Any CPU.ActiveCfg = Release|Any CPU
		{54D19C7B-0475-494C-9307-628456E544AA}.Release|Any CPU.Build.0 = Release|Any CPU
		{634ECDFF-C43B-4B74-A92E-29EE47A164F2}.Debug|Any CPU.ActiveCfg = Debug|Any CPU
		{634ECDFF-C43B-4B74-A92E-29EE47A164F2}.Debug|Any CPU.Build.0 = Debug|Any CPU
		{634ECDFF-C43B-4B74-A92E-29EE47A164F2}.Release|Any CPU.ActiveCfg = Release|Any CPU
		{634ECDFF-C43B-4B74-A92E-29EE47A164F2}.Release|Any CPU.Build.0 = Release|Any CPU
		{DFFC026E-7A81-4BF3-B0DD-9E266AF25426}.Debug|Any CPU.ActiveCfg = Debug|Any CPU
		{DFFC026E-7A81-4BF3-B0DD-9E266AF25426}.Debug|Any CPU.Build.0 = Debug|Any CPU
		{DFFC026E-7A81-4BF3-B0DD-9E266AF25426}.Release|Any CPU.ActiveCfg = Release|Any CPU
		{DFFC026E-7A81-4BF3-B0DD-9E266AF25426}.Release|Any CPU.Build.0 = Release|Any CPU
	EndGlobalSection
	GlobalSection(SolutionProperties) = preSolution
		HideSolutionNode = FALSE
	EndGlobalSection
	GlobalSection(ExtensibilityGlobals) = postSolution
		SolutionGuid = {10BFF7B6-581B-4E46-957F-D54C86B41230}
	EndGlobalSection
EndGlobal
